
Microsoft Visual Studio Solution File, Format Version 12.00
# Visual Studio Version 16
VisualStudioVersion = 16.0.30114.105
MinimumVisualStudioVersion = 10.0.40219.1
Project("{FAE04EC0-301F-11D3-BF4B-00C04F79EFBC}") = "OOP_lab_3_18_2", "OOP_lab_3_18_2\OOP_lab_3_18_2.csproj", "{F9D4C13B-BDEE-4F8A-AB1C-1D2CE737E24C}"
EndProject
Global
	GlobalSection(SolutionConfigurationPlatforms) = preSolution
		Debug|Any CPU = Debug|Any CPU
		Release|Any CPU = Release|Any CPU
	EndGlobalSection
	GlobalSection(ProjectConfigurationPlatforms) = postSolution
		{F9D4C13B-BDEE-4F8A-AB1C-1D2CE737E24C}.Debug|Any CPU.ActiveCfg = Debug|Any CPU
		{F9D4C13B-BDEE-4F8A-AB1C-1D2CE737E24C}.Debug|Any CPU.Build.0 = Debug|Any CPU
		{F9D4C13B-BDEE-4F8A-AB1C-1D2CE737E24C}.Release|Any CPU.ActiveCfg = Release|Any CPU
		{F9D4C13B-BDEE-4F8A-AB1C-1D2CE737E24C}.Release|Any CPU.Build.0 = Release|Any CPU
	EndGlobalSection
	GlobalSection(SolutionProperties) = preSolution
		HideSolutionNode = FALSE
	EndGlobalSection
	GlobalSection(ExtensibilityGlobals) = postSolution
		SolutionGuid = {EEA0826E-377A-4C61-BD38-BE5F27EE6A74}
	EndGlobalSection
EndGlobal
